
Microsoft Visual Studio Solution File, Format Version 12.00
# Visual Studio Version 17
VisualStudioVersion = 17.2.32516.85
MinimumVisualStudioVersion = 10.0.40219.1
Project("{8BC9CEB8-8B4A-11D0-8D11-00A0C91BC942}") = "SMTL_Test", "SMTL_Test\SMTL_Test.vcxproj", "{95A06615-EB99-468B-8DDD-D2F086FE050F}"
EndProject
Global
	GlobalSection(SolutionConfigurationPlatforms) = preSolution
		Debug|x64 = Debug|x64
		Debug|x86 = Debug|x86
		Release|x64 = Release|x64
		Release|x86 = Release|x86
	EndGlobalSection
	GlobalSection(ProjectConfigurationPlatforms) = postSolution
		{95A06615-EB99-468B-8DDD-D2F086FE050F}.Debug|x64.ActiveCfg = Debug|x64
		{95A06615-EB99-468B-8DDD-D2F086FE050F}.Debug|x64.Build.0 = Debug|x64
		{95A06615-EB99-468B-8DDD-D2F086FE050F}.Debug|x86.ActiveCfg = Debug|Win32
		{95A06615-EB99-468B-8DDD-D2F086FE050F}.Debug|x86.Build.0 = Debug|Win32
		{95A06615-EB99-468B-8DDD-D2F086FE050F}.Release|x64.ActiveCfg = Release|x64
		{95A06615-EB99-468B-8DDD-D2F086FE050F}.Release|x64.Build.0 = Release|x64
		{95A06615-EB99-468B-8DDD-D2F086FE050F}.Release|x86.ActiveCfg = Release|Win32
		{95A06615-EB99-468B-8DDD-D2F086FE050F}.Release|x86.Build.0 = Release|Win32
	EndGlobalSection
	GlobalSection(SolutionProperties) = preSolution
		HideSolutionNode = FALSE
	EndGlobalSection
	GlobalSection(ExtensibilityGlobals) = postSolution
		SolutionGuid = {7C3BAFBE-AEFF-4ABF-B52C-6256EF05E6D6}
	EndGlobalSection
EndGlobal
